
Microsoft Visual Studio Solution File, Format Version 12.00
# Visual Studio 15
VisualStudioVersion = 15.0.28307.168
MinimumVisualStudioVersion = 10.0.40219.1
Project("{9A19103F-16F7-4668-BE54-9A1E7A4F7556}") = "ProblemSolver.Function", "ProblemSolver.Function\ProblemSolver.Function.csproj", "{4C05E5BB-120E-48CE-8F97-DD4899881C64}"
EndProject
Project("{FAE04EC0-301F-11D3-BF4B-00C04F79EFBC}") = "ProblemSolver.Tests.Unit", "ProblemSolver.Tests.Unit\ProblemSolver.Tests.Unit.csproj", "{E6550E6E-FF00-42C4-B81F-9D0B5AACD0CD}"
EndProject
Global
	GlobalSection(SolutionConfigurationPlatforms) = preSolution
		Debug|Any CPU = Debug|Any CPU
		Release|Any CPU = Release|Any CPU
	EndGlobalSection
	GlobalSection(ProjectConfigurationPlatforms) = postSolution
		{4C05E5BB-120E-48CE-8F97-DD4899881C64}.Debug|Any CPU.ActiveCfg = Debug|Any CPU
		{4C05E5BB-120E-48CE-8F97-DD4899881C64}.Debug|Any CPU.Build.0 = Debug|Any CPU
		{4C05E5BB-120E-48CE-8F97-DD4899881C64}.Release|Any CPU.ActiveCfg = Release|Any CPU
		{4C05E5BB-120E-48CE-8F97-DD4899881C64}.Release|Any CPU.Build.0 = Release|Any CPU
		{E6550E6E-FF00-42C4-B81F-9D0B5AACD0CD}.Debug|Any CPU.ActiveCfg = Debug|Any CPU
		{E6550E6E-FF00-42C4-B81F-9D0B5AACD0CD}.Debug|Any CPU.Build.0 = Debug|Any CPU
		{E6550E6E-FF00-42C4-B81F-9D0B5AACD0CD}.Release|Any CPU.ActiveCfg = Release|Any CPU
		{E6550E6E-FF00-42C4-B81F-9D0B5AACD0CD}.Release|Any CPU.Build.0 = Release|Any CPU
	EndGlobalSection
	GlobalSection(SolutionProperties) = preSolution
		HideSolutionNode = FALSE
	EndGlobalSection
	GlobalSection(ExtensibilityGlobals) = postSolution
		SolutionGuid = {F9C4CFCB-2BAF-483C-9EC2-D99F1155AE60}
	EndGlobalSection
EndGlobal
